
Microsoft Visual Studio Solution File, Format Version 12.00
# Visual Studio 15
VisualStudioVersion = 15.0.27004.2006
MinimumVisualStudioVersion = 10.0.40219.1
Project("{FAE04EC0-301F-11D3-BF4B-00C04F79EFBC}") = "HL.IconPro.Lib.Core", "HL.IconPro.Lib.Core\HL.IconPro.Lib.Core.csproj", "{44D8AC8A-5070-4D80-9C02-6B7815DB9F64}"
EndProject
Global
	GlobalSection(SolutionConfigurationPlatforms) = preSolution
		Debug|Any CPU = Debug|Any CPU
		Release|Any CPU = Release|Any CPU
	EndGlobalSection
	GlobalSection(ProjectConfigurationPlatforms) = postSolution
		{44D8AC8A-5070-4D80-9C02-6B7815DB9F64}.Debug|Any CPU.ActiveCfg = Debug|Any CPU
		{44D8AC8A-5070-4D80-9C02-6B7815DB9F64}.Debug|Any CPU.Build.0 = Debug|Any CPU
		{44D8AC8A-5070-4D80-9C02-6B7815DB9F64}.Release|Any CPU.ActiveCfg = Release|Any CPU
		{44D8AC8A-5070-4D80-9C02-6B7815DB9F64}.Release|Any CPU.Build.0 = Release|Any CPU
	EndGlobalSection
	GlobalSection(SolutionProperties) = preSolution
		HideSolutionNode = FALSE
	EndGlobalSection
	GlobalSection(ExtensibilityGlobals) = postSolution
		SolutionGuid = {F9349106-5831-485D-9D5F-C0E9014A8A17}
	EndGlobalSection
EndGlobal
